
Microsoft Visual Studio Solution File, Format Version 12.00
# Visual Studio Version 16
VisualStudioVersion = 16.0.30709.132
MinimumVisualStudioVersion = 10.0.40219.1
Project("{FAE04EC0-301F-11D3-BF4B-00C04F79EFBC}") = "Searcher", "Searcher\Searcher.csproj", "{3E96BF43-6307-44D9-8ECF-E4F79625419C}"
EndProject
Project("{FAE04EC0-301F-11D3-BF4B-00C04F79EFBC}") = "Searcher.Tests", "Searcher.Tests\Searcher.Tests.csproj", "{7AA8A66A-11A8-44F3-99EE-8D91E4526BD5}"
EndProject
Global
	GlobalSection(SolutionConfigurationPlatforms) = preSolution
		Debug|Any CPU = Debug|Any CPU
		Release|Any CPU = Release|Any CPU
	EndGlobalSection
	GlobalSection(ProjectConfigurationPlatforms) = postSolution
		{3E96BF43-6307-44D9-8ECF-E4F79625419C}.Debug|Any CPU.ActiveCfg = Debug|Any CPU
		{3E96BF43-6307-44D9-8ECF-E4F79625419C}.Debug|Any CPU.Build.0 = Debug|Any CPU
		{3E96BF43-6307-44D9-8ECF-E4F79625419C}.Release|Any CPU.ActiveCfg = Release|Any CPU
		{3E96BF43-6307-44D9-8ECF-E4F79625419C}.Release|Any CPU.Build.0 = Release|Any CPU
		{7AA8A66A-11A8-44F3-99EE-8D91E4526BD5}.Debug|Any CPU.ActiveCfg = Debug|Any CPU
		{7AA8A66A-11A8-44F3-99EE-8D91E4526BD5}.Debug|Any CPU.Build.0 = Debug|Any CPU
		{7AA8A66A-11A8-44F3-99EE-8D91E4526BD5}.Release|Any CPU.ActiveCfg = Release|Any CPU
		{7AA8A66A-11A8-44F3-99EE-8D91E4526BD5}.Release|Any CPU.Build.0 = Release|Any CPU
	EndGlobalSection
	GlobalSection(SolutionProperties) = preSolution
		HideSolutionNode = FALSE
	EndGlobalSection
	GlobalSection(ExtensibilityGlobals) = postSolution
		SolutionGuid = {9EFDF55F-916A-45F0-AE6A-99F9912A1E7C}
	EndGlobalSection
EndGlobal
